
Microsoft Visual Studio Solution File, Format Version 12.00
# Visual Studio 14
VisualStudioVersion = 14.0.24720.0
MinimumVisualStudioVersion = 10.0.40219.1
Project("{FAE04EC0-301F-11D3-BF4B-00C04F79EFBC}") = "Twitzer", "Twitzer\Twitzer.csproj", "{EABC7608-EC86-4279-88B4-E0F398461AAF}"
EndProject
Project("{FAE04EC0-301F-11D3-BF4B-00C04F79EFBC}") = "Twitzer.Core", "Twitzer.Core\Twitzer.Core.csproj", "{47BEE65A-478B-4D5A-844E-D3AA5F6B11EA}"
EndProject
Global
	GlobalSection(SolutionConfigurationPlatforms) = preSolution
		Debug|Any CPU = Debug|Any CPU
		Debug|ARM = Debug|ARM
		Debug|x64 = Debug|x64
		Debug|x86 = Debug|x86
		Release|Any CPU = Release|Any CPU
		Release|ARM = Release|ARM
		Release|x64 = Release|x64
		Release|x86 = Release|x86
	EndGlobalSection
	GlobalSection(ProjectConfigurationPlatforms) = postSolution
		{EABC7608-EC86-4279-88B4-E0F398461AAF}.Debug|Any CPU.ActiveCfg = Debug|x86
		{EABC7608-EC86-4279-88B4-E0F398461AAF}.Debug|ARM.ActiveCfg = Debug|ARM
		{EABC7608-EC86-4279-88B4-E0F398461AAF}.Debug|ARM.Build.0 = Debug|ARM
		{EABC7608-EC86-4279-88B4-E0F398461AAF}.Debug|ARM.Deploy.0 = Debug|ARM
		{EABC7608-EC86-4279-88B4-E0F398461AAF}.Debug|x64.ActiveCfg = Debug|x64
		{EABC7608-EC86-4279-88B4-E0F398461AAF}.Debug|x64.Build.0 = Debug|x64
		{EABC7608-EC86-4279-88B4-E0F398461AAF}.Debug|x64.Deploy.0 = Debug|x64
		{EABC7608-EC86-4279-88B4-E0F398461AAF}.Debug|x86.ActiveCfg = Debug|x86
		{EABC7608-EC86-4279-88B4-E0F398461AAF}.Debug|x86.Build.0 = Debug|x86
		{EABC7608-EC86-4279-88B4-E0F398461AAF}.Debug|x86.Deploy.0 = Debug|x86
		{EABC7608-EC86-4279-88B4-E0F398461AAF}.Release|Any CPU.ActiveCfg = Release|x86
		{EABC7608-EC86-4279-88B4-E0F398461AAF}.Release|ARM.ActiveCfg = Release|ARM
		{EABC7608-EC86-4279-88B4-E0F398461AAF}.Release|ARM.Build.0 = Release|ARM
		{EABC7608-EC86-4279-88B4-E0F398461AAF}.Release|ARM.Deploy.0 = Release|ARM
		{EABC7608-EC86-4279-88B4-E0F398461AAF}.Release|x64.ActiveCfg = Release|x64
		{EABC7608-EC86-4279-88B4-E0F398461AAF}.Release|x64.Build.0 = Release|x64
		{EABC7608-EC86-4279-88B4-E0F398461AAF}.Release|x64.Deploy.0 = Release|x64
		{EABC7608-EC86-4279-88B4-E0F398461AAF}.Release|x86.ActiveCfg = Release|x86
		{EABC7608-EC86-4279-88B4-E0F398461AAF}.Release|x86.Build.0 = Release|x86
		{EABC7608-EC86-4279-88B4-E0F398461AAF}.Release|x86.Deploy.0 = Release|x86
		{47BEE65A-478B-4D5A-844E-D3AA5F6B11EA}.Debug|Any CPU.ActiveCfg = Debug|Any CPU
		{47BEE65A-478B-4D5A-844E-D3AA5F6B11EA}.Debug|Any CPU.Build.0 = Debug|Any CPU
		{47BEE65A-478B-4D5A-844E-D3AA5F6B11EA}.Debug|ARM.ActiveCfg = Debug|Any CPU
		{47BEE65A-478B-4D5A-844E-D3AA5F6B11EA}.Debug|ARM.Build.0 = Debug|Any CPU
		{47BEE65A-478B-4D5A-844E-D3AA5F6B11EA}.Debug|x64.ActiveCfg = Debug|Any CPU
		{47BEE65A-478B-4D5A-844E-D3AA5F6B11EA}.Debug|x64.Build.0 = Debug|Any CPU
		{47BEE65A-478B-4D5A-844E-D3AA5F6B11EA}.Debug|x86.ActiveCfg = Debug|Any CPU
		{47BEE65A-478B-4D5A-844E-D3AA5F6B11EA}.Debug|x86.Build.0 = Debug|Any CPU
		{47BEE65A-478B-4D5A-844E-D3AA5F6B11EA}.Release|Any CPU.ActiveCfg = Release|Any CPU
		{47BEE65A-478B-4D5A-844E-D3AA5F6B11EA}.Release|Any CPU.Build.0 = Release|Any CPU
		{47BEE65A-478B-4D5A-844E-D3AA5F6B11EA}.Release|ARM.ActiveCfg = Release|Any CPU
		{47BEE65A-478B-4D5A-844E-D3AA5F6B11EA}.Release|ARM.Build.0 = Release|Any CPU
		{47BEE65A-478B-4D5A-844E-D3AA5F6B11EA}.Release|x64.ActiveCfg = Release|Any CPU
		{47BEE65A-478B-4D5A-844E-D3AA5F6B11EA}.Release|x64.Build.0 = Release|Any CPU
		{47BEE65A-478B-4D5A-844E-D3AA5F6B11EA}.Release|x86.ActiveCfg = Release|Any CPU
		{47BEE65A-478B-4D5A-844E-D3AA5F6B11EA}.Release|x86.Build.0 = Release|Any CPU
	EndGlobalSection
	GlobalSection(SolutionProperties) = preSolution
		HideSolutionNode = FALSE
	EndGlobalSection
EndGlobal
